// !$*UTF8*$!
{
	archiveVersion = 1;
	classes = {
	};
	objectVersion = 46;
	objects = {

/* Begin PBXBuildFile section */
		94F63B701D8720CC0087A575 /* AppDelegate.swift in Sources */ = {isa = PBXBuildFile; fileRef = 94F63B6F1D8720CC0087A575 /* AppDelegate.swift */; };
		94F63B721D8720CC0087A575 /* ViewController.swift in Sources */ = {isa = PBXBuildFile; fileRef = 94F63B711D8720CC0087A575 /* ViewController.swift */; };
		94F63B751D8720CC0087A575 /* Main.storyboard in Resources */ = {isa = PBXBuildFile; fileRef = 94F63B731D8720CC0087A575 /* Main.storyboard */; };
		94F63B771D8720CC0087A575 /* Assets.xcassets in Resources */ = {isa = PBXBuildFile; fileRef = 94F63B761D8720CC0087A575 /* Assets.xcassets */; };
		94F63B7A1D8720CC0087A575 /* LaunchScreen.storyboard in Resources */ = {isa = PBXBuildFile; fileRef = 94F63B781D8720CC0087A575 /* LaunchScreen.storyboard */; };
		94F63B851D8720CC0087A575 /* SingleMediumPostiOSTests.swift in Sources */ = {isa = PBXBuildFile; fileRef = 94F63B841D8720CC0087A575 /* SingleMediumPostiOSTests.swift */; };
		94F63B901D8720CC0087A575 /* SingleMediumPostiOSUITests.swift in Sources */ = {isa = PBXBuildFile; fileRef = 94F63B8F1D8720CC0087A575 /* SingleMediumPostiOSUITests.swift */; };
/* End PBXBuildFile section */

/* Begin PBXContainerItemProxy section */
		94F63B811D8720CC0087A575 /* PBXContainerItemProxy */ = {
			isa = PBXContainerItemProxy;
			containerPortal = 94F63B641D8720CC0087A575 /* Project object */;
			proxyType = 1;
			remoteGlobalIDString = 94F63B6B1D8720CC0087A575;
			remoteInfo = SingleMediumPostiOS;
		};
		94F63B8C1D8720CC0087A575 /* PBXContainerItemProxy */ = {
			isa = PBXContainerItemProxy;
			containerPortal = 94F63B641D8720CC0087A575 /* Project object */;
			proxyType = 1;
			remoteGlobalIDString = 94F63B6B1D8720CC0087A575;
			remoteInfo = SingleMediumPostiOS;
		};
/* End PBXContainerItemProxy section */

/* Begin PBXFileReference section */
		94F63B6C1D8720CC0087A575 /* SingleMediumPostiOS.app */ = {isa = PBXFileReference; explicitFileType = wrapper.application; includeInIndex = 0; path = SingleMediumPostiOS.app; sourceTree = BUILT_PRODUCTS_DIR; };
		94F63B6F1D8720CC0087A575 /* AppDelegate.swift */ = {isa = PBXFileReference; lastKnownFileType = sourcecode.swift; path = AppDelegate.swift; sourceTree = "<group>"; };
		94F63B711D8720CC0087A575 /* ViewController.swift */ = {isa = PBXFileReference; lastKnownFileType = sourcecode.swift; path = ViewController.swift; sourceTree = "<group>"; };
		94F63B741D8720CC0087A575 /* Base */ = {isa = PBXFileReference; lastKnownFileType = file.storyboard; name = Base; path = Base.lproj/Main.storyboard; sourceTree = "<group>"; };
		94F63B761D8720CC0087A575 /* Assets.xcassets */ = {isa = PBXFileReference; lastKnownFileType = folder.assetcatalog; path = Assets.xcassets; sourceTree = "<group>"; };
		94F63B791D8720CC0087A575 /* Base */ = {isa = PBXFileReference; lastKnownFileType = file.storyboard; name = Base; path = Base.lproj/LaunchScreen.storyboard; sourceTree = "<group>"; };
		94F63B7B1D8720CC0087A575 /* Info.plist */ = {isa = PBXFileReference; lastKnownFileType = text.plist.xml; path = Info.plist; sourceTree = "<group>"; };
		94F63B801D8720CC0087A575 /* SingleMediumPostiOSTests.xctest */ = {isa = PBXFileReference; explicitFileType = wrapper.cfbundle; includeInIndex = 0; path = SingleMediumPostiOSTests.xctest; sourceTree = BUILT_PRODUCTS_DIR; };
		94F63B841D8720CC0087A575 /* SingleMediumPostiOSTests.swift */ = {isa = PBXFileReference; lastKnownFileType = sourcecode.swift; path = SingleMediumPostiOSTests.swift; sourceTree = "<group>"; };
		94F63B861D8720CC0087A575 /* Info.plist */ = {isa = PBXFileReference; lastKnownFileType = text.plist.xml; path = Info.plist; sourceTree = "<group>"; };
		94F63B8B1D8720CC0087A575 /* SingleMediumPostiOSUITests.xctest */ = {isa = PBXFileReference; explicitFileType = wrapper.cfbundle; includeInIndex = 0; path = SingleMediumPostiOSUITests.xctest; sourceTree = BUILT_PRODUCTS_DIR; };
		94F63B8F1D8720CC0087A575 /* SingleMediumPostiOSUITests.swift */ = {isa = PBXFileReference; lastKnownFileType = sourcecode.swift; path = SingleMediumPostiOSUITests.swift; sourceTree = "<group>"; };
		94F63B911D8720CC0087A575 /* Info.plist */ = {isa = PBXFileReference; lastKnownFileType = text.plist.xml; path = Info.plist; sourceTree = "<group>"; };
/* End PBXFileReference section */

/* Begin PBXFrameworksBuildPhase section */
		94F63B691D8720CC0087A575 /* Frameworks */ = {
			isa = PBXFrameworksBuildPhase;
			buildActionMask = 2147483647;
			files = (
			);
			runOnlyForDeploymentPostprocessing = 0;
		};
		94F63B7D1D8720CC0087A575 /* Frameworks */ = {
			isa = PBXFrameworksBuildPhase;
			buildActionMask = 2147483647;
			files = (
			);
			runOnlyForDeploymentPostprocessing = 0;
		};
		94F63B881D8720CC0087A575 /* Frameworks */ = {
			isa = PBXFrameworksBuildPhase;
			buildActionMask = 2147483647;
			files = (
			);
			runOnlyForDeploymentPostprocessing = 0;
		};
/* End PBXFrameworksBuildPhase section */

/* Begin PBXGroup section */
		94F63B631D8720CC0087A575 = {
			isa = PBXGroup;
			children = (
				94F63B6E1D8720CC0087A575 /* SingleMediumPostiOS */,
				94F63B831D8720CC0087A575 /* SingleMediumPostiOSTests */,
				94F63B8E1D8720CC0087A575 /* SingleMediumPostiOSUITests */,
				94F63B6D1D8720CC0087A575 /* Products */,
			);
			sourceTree = "<group>";
		};
		94F63B6D1D8720CC0087A575 /* Products */ = {
			isa = PBXGroup;
			children = (
				94F63B6C1D8720CC0087A575 /* SingleMediumPostiOS.app */,
				94F63B801D8720CC0087A575 /* SingleMediumPostiOSTests.xctest */,
				94F63B8B1D8720CC0087A575 /* SingleMediumPostiOSUITests.xctest */,
			);
			name = Products;
			sourceTree = "<group>";
		};
		94F63B6E1D8720CC0087A575 /* SingleMediumPostiOS */ = {
			isa = PBXGroup;
			children = (
				94F63B6F1D8720CC0087A575 /* AppDelegate.swift */,
				94F63B711D8720CC0087A575 /* ViewController.swift */,
				94F63B731D8720CC0087A575 /* Main.storyboard */,
				94F63B761D8720CC0087A575 /* Assets.xcassets */,
				94F63B781D8720CC0087A575 /* LaunchScreen.storyboard */,
				94F63B7B1D8720CC0087A575 /* Info.plist */,
			);
			path = SingleMediumPostiOS;
			sourceTree = "<group>";
		};
		94F63B831D8720CC0087A575 /* SingleMediumPostiOSTests */ = {
			isa = PBXGroup;
			children = (
				94F63B841D8720CC0087A575 /* SingleMediumPostiOSTests.swift */,
				94F63B861D8720CC0087A575 /* Info.plist */,
			);
			path = SingleMediumPostiOSTests;
			sourceTree = "<group>";
		};
		94F63B8E1D8720CC0087A575 /* SingleMediumPostiOSUITests */ = {
			isa = PBXGroup;
			children = (
				94F63B8F1D8720CC0087A575 /* SingleMediumPostiOSUITests.swift */,
				94F63B911D8720CC0087A575 /* Info.plist */,
			);
			path = SingleMediumPostiOSUITests;
			sourceTree = "<group>";
		};
/* End PBXGroup section */

/* Begin PBXNativeTarget section */
		94F63B6B1D8720CC0087A575 /* SingleMediumPostiOS */ = {
			isa = PBXNativeTarget;
			buildConfigurationList = 94F63B941D8720CC0087A575 /* Build configuration list for PBXNativeTarget "SingleMediumPostiOS" */;
			buildPhases = (
				94F63B681D8720CC0087A575 /* Sources */,
				94F63B691D8720CC0087A575 /* Frameworks */,
				94F63B6A1D8720CC0087A575 /* Resources */,
			);
			buildRules = (
			);
			dependencies = (
			);
			name = SingleMediumPostiOS;
			productName = SingleMediumPostiOS;
			productReference = 94F63B6C1D8720CC0087A575 /* SingleMediumPostiOS.app */;
			productType = "com.apple.product-type.application";
		};
		94F63B7F1D8720CC0087A575 /* SingleMediumPostiOSTests */ = {
			isa = PBXNativeTarget;
			buildConfigurationList = 94F63B971D8720CC0087A575 /* Build configuration list for PBXNativeTarget "SingleMediumPostiOSTests" */;
			buildPhases = (
				94F63B7C1D8720CC0087A575 /* Sources */,
				94F63B7D1D8720CC0087A575 /* Frameworks */,
				94F63B7E1D8720CC0087A575 /* Resources */,
			);
			buildRules = (
			);
			dependencies = (
				94F63B821D8720CC0087A575 /* PBXTargetDependency */,
			);
			name = SingleMediumPostiOSTests;
			productName = SingleMediumPostiOSTests;
			productReference = 94F63B801D8720CC0087A575 /* SingleMediumPostiOSTests.xctest */;
			productType = "com.apple.product-type.bundle.unit-test";
		};
		94F63B8A1D8720CC0087A575 /* SingleMediumPostiOSUITests */ = {
			isa = PBXNativeTarget;
			buildConfigurationList = 94F63B9A1D8720CC0087A575 /* Build configuration list for PBXNativeTarget "SingleMediumPostiOSUITests" */;
			buildPhases = (
				94F63B871D8720CC0087A575 /* Sources */,
				94F63B881D8720CC0087A575 /* Frameworks */,
				94F63B891D8720CC0087A575 /* Resources */,
			);
			buildRules = (
			);
			dependencies = (
				94F63B8D1D8720CC0087A575 /* PBXTargetDependency */,
			);
			name = SingleMediumPostiOSUITests;
			productName = SingleMediumPostiOSUITests;
			productReference = 94F63B8B1D8720CC0087A575 /* SingleMediumPostiOSUITests.xctest */;
			productType = "com.apple.product-type.bundle.ui-testing";
		};
/* End PBXNativeTarget section */

/* Begin PBXProject section */
		94F63B641D8720CC0087A575 /* Project object */ = {
			isa = PBXProject;
			attributes = {
				LastSwiftUpdateCheck = 0730;
				LastUpgradeCheck = 0730;
				ORGANIZATIONNAME = "SiuKit Wong";
				TargetAttributes = {
					94F63B6B1D8720CC0087A575 = {
						CreatedOnToolsVersion = 7.3.1;
					};
					94F63B7F1D8720CC0087A575 = {
						CreatedOnToolsVersion = 7.3.1;
						TestTargetID = 94F63B6B1D8720CC0087A575;
					};
					94F63B8A1D8720CC0087A575 = {
						CreatedOnToolsVersion = 7.3.1;
						TestTargetID = 94F63B6B1D8720CC0087A575;
					};
				};
			};
			buildConfigurationList = 94F63B671D8720CC0087A575 /* Build configuration list for PBXProject "SingleMediumPostiOS" */;
			compatibilityVersion = "Xcode 3.2";
			developmentRegion = English;
			hasScannedForEncodings = 0;
			knownRegions = (
				en,
				Base,
			);
			mainGroup = 94F63B631D8720CC0087A575;
			productRefGroup = 94F63B6D1D8720CC0087A575 /* Products */;
			projectDirPath = "";
			projectRoot = "";
			targets = (
				94F63B6B1D8720CC0087A575 /* SingleMediumPostiOS */,
				94F63B7F1D8720CC0087A575 /* SingleMediumPostiOSTests */,
				94F63B8A1D8720CC0087A575 /* SingleMediumPostiOSUITests */,
			);
		};
/* End PBXProject section */

/* Begin PBXResourcesBuildPhase section */
		94F63B6A1D8720CC0087A575 /* Resources */ = {
			isa = PBXResourcesBuildPhase;
			buildActionMask = 2147483647;
			files = (
				94F63B7A1D8720CC0087A575 /* LaunchScreen.storyboard in Resources */,
				94F63B771D8720CC0087A575 /* Assets.xcassets in Resources */,
				94F63B751D8720CC0087A575 /* Main.storyboard in Resources */,
			);
			runOnlyForDeploymentPostprocessing = 0;
		};
		94F63B7E1D8720CC0087A575 /* Resources */ = {
			isa = PBXResourcesBuildPhase;
			buildActionMask = 2147483647;
			files = (
			);
			runOnlyForDeploymentPostprocessing = 0;
		};
		94F63B891D8720CC0087A575 /* Resources */ = {
			isa = PBXResourcesBuildPhase;
			buildActionMask = 2147483647;
			files = (
			);
			runOnlyForDeploymentPostprocessing = 0;
		};
/* End PBXResourcesBuildPhase section */

/* Begin PBXSourcesBuildPhase section */
		94F63B681D8720CC0087A575 /* Sources */ = {
			isa = PBXSourcesBuildPhase;
			buildActionMask = 2147483647;
			files = (
				94F63B721D8720CC0087A575 /* ViewController.swift in Sources */,
				94F63B701D8720CC0087A575 /* AppDelegate.swift in Sources */,
			);
			runOnlyForDeploymentPostprocessing = 0;
		};
		94F63B7C1D8720CC0087A575 /* Sources */ = {
			isa = PBXSourcesBuildPhase;
			buildActionMask = 2147483647;
			files = (
				94F63B851D8720CC0087A575 /* SingleMediumPostiOSTests.swift in Sources */,
			);
			runOnlyForDeploymentPostprocessing = 0;
		};
		94F63B871D8720CC0087A575 /* Sources */ = {
			isa = PBXSourcesBuildPhase;
			buildActionMask = 2147483647;
			files = (
				94F63B901D8720CC0087A575 /* SingleMediumPostiOSUITests.swift in Sources */,
			);
			runOnlyForDeploymentPostprocessing = 0;
		};
/* End PBXSourcesBuildPhase section */

/* Begin PBXTargetDependency section */
		94F63B821D8720CC0087A575 /* PBXTargetDependency */ = {
			isa = PBXTargetDependency;
			target = 94F63B6B1D8720CC0087A575 /* SingleMediumPostiOS */;
			targetProxy = 94F63B811D8720CC0087A575 /* PBXContainerItemProxy */;
		};
		94F63B8D1D8720CC0087A575 /* PBXTargetDependency */ = {
			isa = PBXTargetDependency;
			target = 94F63B6B1D8720CC0087A575 /* SingleMediumPostiOS */;
			targetProxy = 94F63B8C1D8720CC0087A575 /* PBXContainerItemProxy */;
		};
/* End PBXTargetDependency section */

/* Begin PBXVariantGroup section */
		94F63B731D8720CC0087A575 /* Main.storyboard */ = {
			isa = PBXVariantGroup;
			children = (
				94F63B741D8720CC0087A575 /* Base */,
			);
			name = Main.storyboard;
			sourceTree = "<group>";
		};
		94F63B781D8720CC0087A575 /* LaunchScreen.storyboard */ = {
			isa = PBXVariantGroup;
			children = (
				94F63B791D8720CC0087A575 /* Base */,
			);
			name = LaunchScreen.storyboard;
			sourceTree = "<group>";
		};
/* End PBXVariantGroup section */

/* Begin XCBuildConfiguration section */
		94F63B921D8720CC0087A575 /* Debug */ = {
			isa = XCBuildConfiguration;
			buildSettings = {
				ALWAYS_SEARCH_USER_PATHS = NO;
				CLANG_ANALYZER_NONNULL = YES;
				CLANG_CXX_LANGUAGE_STANDARD = "gnu++0x";
				CLANG_CXX_LIBRARY = "libc++";
				CLANG_ENABLE_MODULES = YES;
				CLANG_ENABLE_OBJC_ARC = YES;
				CLANG_WARN_BOOL_CONVERSION = YES;
				CLANG_WARN_CONSTANT_CONVERSION = YES;
				CLANG_WARN_DIRECT_OBJC_ISA_USAGE = YES_ERROR;
				CLANG_WARN_EMPTY_BODY = YES;
				CLANG_WARN_ENUM_CONVERSION = YES;
				CLANG_WARN_INT_CONVERSION = YES;
				CLANG_WARN_OBJC_ROOT_CLASS = YES_ERROR;
				CLANG_WARN_UNREACHABLE_CODE = YES;
				CLANG_WARN__DUPLICATE_METHOD_MATCH = YES;
				"CODE_SIGN_IDENTITY[sdk=iphoneos*]" = "iPhone Developer";
				COPY_PHASE_STRIP = NO;
				DEBUG_INFORMATION_FORMAT = dwarf;
				ENABLE_STRICT_OBJC_MSGSEND = YES;
				ENABLE_TESTABILITY = YES;
				GCC_C_LANGUAGE_STANDARD = gnu99;
				GCC_DYNAMIC_NO_PIC = NO;
				GCC_NO_COMMON_BLOCKS = YES;
				GCC_OPTIMIZATION_LEVEL = 0;
				GCC_PREPROCESSOR_DEFINITIONS = (
					"DEBUG=1",
					"$(inherited)",
				);
				GCC_WARN_64_TO_32_BIT_CONVERSION = YES;
				GCC_WARN_ABOUT_RETURN_TYPE = YES_ERROR;
				GCC_WARN_UNDECLARED_SELECTOR = YES;
				GCC_WARN_UNINITIALIZED_AUTOS = YES_AGGRESSIVE;
				GCC_WARN_UNUSED_FUNCTION = YES;
				GCC_WARN_UNUSED_VARIABLE = YES;
				IPHONEOS_DEPLOYMENT_TARGET = 9.3;
				MTL_ENABLE_DEBUG_INFO = YES;
				ONLY_ACTIVE_ARCH = YES;
				SDKROOT = iphoneos;
				SWIFT_OPTIMIZATION_LEVEL = "-Onone";
				TARGETED_DEVICE_FAMILY = "1,2";
			};
			name = Debug;
		};
		94F63B931D8720CC0087A575 /* Release */ = {
			isa = XCBuildConfiguration;
			buildSettings = {
				ALWAYS_SEARCH_USER_PATHS = NO;
				CLANG_ANALYZER_NONNULL = YES;
				CLANG_CXX_LANGUAGE_STANDARD = "gnu++0x";
				CLANG_CXX_LIBRARY = "libc++";
				CLANG_ENABLE_MODULES = YES;
				CLANG_ENABLE_OBJC_ARC = YES;
				CLANG_WARN_BOOL_CONVERSION = YES;
				CLANG_WARN_CONSTANT_CONVERSION = YES;
				CLANG_WARN_DIRECT_OBJC_ISA_USAGE = YES_ERROR;
				CLANG_WARN_EMPTY_BODY = YES;
				CLANG_WARN_ENUM_CONVERSION = YES;
				CLANG_WARN_INT_CONVERSION = YES;
				CLANG_WARN_OBJC_ROOT_CLASS = YES_ERROR;
				CLANG_WARN_UNREACHABLE_CODE = YES;
				CLANG_WARN__DUPLICATE_METHOD_MATCH = YES;
				"CODE_SIGN_IDENTITY[sdk=iphoneos*]" = "iPhone Developer";
				COPY_PHASE_STRIP = NO;
				DEBUG_INFORMATION_FORMAT = "dwarf-with-dsym";
				ENABLE_NS_ASSERTIONS = NO;
				ENABLE_STRICT_OBJC_MSGSEND = YES;
				GCC_C_LANGUAGE_STANDARD = gnu99;
				GCC_NO_COMMON_BLOCKS = YES;
				GCC_WARN_64_TO_32_BIT_CONVERSION = YES;
				GCC_WARN_ABOUT_RETURN_TYPE = YES_ERROR;
				GCC_WARN_UNDECLARED_SELECTOR = YES;
				GCC_WARN_UNINITIALIZED_AUTOS = YES_AGGRESSIVE;
				GCC_WARN_UNUSED_FUNCTION = YES;
				GCC_WARN_UNUSED_VARIABLE = YES;
				IPHONEOS_DEPLOYMENT_TARGET = 9.3;
				MTL_ENABLE_DEBUG_INFO = NO;
				SDKROOT = iphoneos;
				TARGETED_DEVICE_FAMILY = "1,2";
				VALIDATE_PRODUCT = YES;
			};
			name = Release;
		};
		94F63B951D8720CC0087A575 /* Debug */ = {
			isa = XCBuildConfiguration;
			buildSettings = {
				ASSETCATALOG_COMPILER_APPICON_NAME = AppIcon;
				INFOPLIST_FILE = SingleMediumPostiOS/Info.plist;
				LD_RUNPATH_SEARCH_PATHS = "$(inherited) @executable_path/Frameworks";
				PRODUCT_BUNDLE_IDENTIFIER = com.art19.SingleMediumPostiOS;
				PRODUCT_NAME = "$(TARGET_NAME)";
			};
			name = Debug;
		};
		94F63B961D8720CC0087A575 /* Release */ = {
			isa = XCBuildConfiguration;
			buildSettings = {
				ASSETCATALOG_COMPILER_APPICON_NAME = AppIcon;
				INFOPLIST_FILE = SingleMediumPostiOS/Info.plist;
				LD_RUNPATH_SEARCH_PATHS = "$(inherited) @executable_path/Frameworks";
				PRODUCT_BUNDLE_IDENTIFIER = com.art19.SingleMediumPostiOS;
				PRODUCT_NAME = "$(TARGET_NAME)";
			};
			name = Release;
		};
		94F63B981D8720CC0087A575 /* Debug */ = {
			isa = XCBuildConfiguration;
			buildSettings = {
				BUNDLE_LOADER = "$(TEST_HOST)";
				INFOPLIST_FILE = SingleMediumPostiOSTests/Info.plist;
				LD_RUNPATH_SEARCH_PATHS = "$(inherited) @executable_path/Frameworks @loader_path/Frameworks";
				PRODUCT_BUNDLE_IDENTIFIER = com.art19.SingleMediumPostiOSTests;
				PRODUCT_NAME = "$(TARGET_NAME)";
				TEST_HOST = "$(BUILT_PRODUCTS_DIR)/SingleMediumPostiOS.app/SingleMediumPostiOS";
			};
			name = Debug;
		};
		94F63B991D8720CC0087A575 /* Release */ = {
			isa = XCBuildConfiguration;
			buildSettings = {
				BUNDLE_LOADER = "$(TEST_HOST)";
				INFOPLIST_FILE = SingleMediumPostiOSTests/Info.plist;
				LD_RUNPATH_SEARCH_PATHS = "$(inherited) @executable_path/Frameworks @loader_path/Frameworks";
				PRODUCT_BUNDLE_IDENTIFIER = com.art19.SingleMediumPostiOSTests;
				PRODUCT_NAME = "$(TARGET_NAME)";
				TEST_HOST = "$(BUILT_PRODUCTS_DIR)/SingleMediumPostiOS.app/SingleMediumPostiOS";
			};
			name = Release;
		};
		94F63B9B1D8720CC0087A575 /* Debug */ = {
			isa = XCBuildConfiguration;
			buildSettings = {
				INFOPLIST_FILE = SingleMediumPostiOSUITests/Info.plist;
				LD_RUNPATH_SEARCH_PATHS = "$(inherited) @executable_path/Frameworks @loader_path/Frameworks";
				PRODUCT_BUNDLE_IDENTIFIER = com.art19.SingleMediumPostiOSUITests;
				PRODUCT_NAME = "$(TARGET_NAME)";
				TEST_TARGET_NAME = SingleMediumPostiOS;
			};
			name = Debug;
		};
		94F63B9C1D8720CC0087A575 /* Release */ = {
			isa = XCBuildConfiguration;
			buildSettings = {
				INFOPLIST_FILE = SingleMediumPostiOSUITests/Info.plist;
				LD_RUNPATH_SEARCH_PATHS = "$(inherited) @executable_path/Frameworks @loader_path/Frameworks";
				PRODUCT_BUNDLE_IDENTIFIER = com.art19.SingleMediumPostiOSUITests;
				PRODUCT_NAME = "$(TARGET_NAME)";
				TEST_TARGET_NAME = SingleMediumPostiOS;
			};
			name = Release;
		};
/* End XCBuildConfiguration section */

/* Begin XCConfigurationList section */
		94F63B671D8720CC0087A575 /* Build configuration list for PBXProject "SingleMediumPostiOS" */ = {
			isa = XCConfigurationList;
			buildConfigurations = (
				94F63B921D8720CC0087A575 /* Debug */,
				94F63B931D8720CC0087A575 /* Release */,
			);
			defaultConfigurationIsVisible = 0;
			defaultConfigurationName = Release;
		};
		94F63B941D8720CC0087A575 /* Build configuration list for PBXNativeTarget "SingleMediumPostiOS" */ = {
			isa = XCConfigurationList;
			buildConfigurations = (
				94F63B951D8720CC0087A575 /* Debug */,
				94F63B961D8720CC0087A575 /* Release */,
			);
			defaultConfigurationIsVisible = 0;
		};
		94F63B971D8720CC0087A575 /* Build configuration list for PBXNativeTarget "SingleMediumPostiOSTests" */ = {
			isa = XCConfigurationList;
			buildConfigurations = (
				94F63B981D8720CC0087A575 /* Debug */,
				94F63B991D8720CC0087A575 /* Release */,
			);
			defaultConfigurationIsVisible = 0;
		};
		94F63B9A1D8720CC0087A575 /* Build configuration list for PBXNativeTarget "SingleMediumPostiOSUITests" */ = {
			isa = XCConfigurationList;
			buildConfigurations = (
				94F63B9B1D8720CC0087A575 /* Debug */,
				94F63B9C1D8720CC0087A575 /* Release */,
			);
			defaultConfigurationIsVisible = 0;
		};
/* End XCConfigurationList section */
	};
	rootObject = 94F63B641D8720CC0087A575 /* Project object */;
}
